
Microsoft Visual Studio Solution File, Format Version 12.00
# Visual Studio Version 17
VisualStudioVersion = 17.4.33205.214
MinimumVisualStudioVersion = 10.0.40219.1
Project("{FAE04EC0-301F-11D3-BF4B-00C04F79EFBC}") = "WebApplication", "WebApplication.csproj", "{51431003-8A42-4E81-A0AC-5990E257723D}"
EndProject
Project("{FAE04EC0-301F-11D3-BF4B-00C04F79EFBC}") = "DAL", "..\DAL\DAL.csproj", "{CEA6FB8E-9953-4ECB-9C6B-5CC2005DAEF1}"
EndProject
Project("{FAE04EC0-301F-11D3-BF4B-00C04F79EFBC}") = "BLL", "..\BLL\BLL.csproj", "{0072DEDD-8D1D-469C-B3CD-B787C80E5491}"
	ProjectSection(ProjectDependencies) = postProject
		{CEA6FB8E-9953-4ECB-9C6B-5CC2005DAEF1} = {CEA6FB8E-9953-4ECB-9C6B-5CC2005DAEF1}
	EndProjectSection
EndProject
Global
	GlobalSection(SolutionConfigurationPlatforms) = preSolution
		Debug|Any CPU = Debug|Any CPU
		Release|Any CPU = Release|Any CPU
	EndGlobalSection
	GlobalSection(ProjectConfigurationPlatforms) = postSolution
		{51431003-8A42-4E81-A0AC-5990E257723D}.Debug|Any CPU.ActiveCfg = Debug|Any CPU
		{51431003-8A42-4E81-A0AC-5990E257723D}.Debug|Any CPU.Build.0 = Debug|Any CPU
		{51431003-8A42-4E81-A0AC-5990E257723D}.Release|Any CPU.ActiveCfg = Release|Any CPU
		{51431003-8A42-4E81-A0AC-5990E257723D}.Release|Any CPU.Build.0 = Release|Any CPU
		{CEA6FB8E-9953-4ECB-9C6B-5CC2005DAEF1}.Debug|Any CPU.ActiveCfg = Debug|Any CPU
		{CEA6FB8E-9953-4ECB-9C6B-5CC2005DAEF1}.Debug|Any CPU.Build.0 = Debug|Any CPU
		{CEA6FB8E-9953-4ECB-9C6B-5CC2005DAEF1}.Release|Any CPU.ActiveCfg = Release|Any CPU
		{CEA6FB8E-9953-4ECB-9C6B-5CC2005DAEF1}.Release|Any CPU.Build.0 = Release|Any CPU
		{0072DEDD-8D1D-469C-B3CD-B787C80E5491}.Debug|Any CPU.ActiveCfg = Debug|Any CPU
		{0072DEDD-8D1D-469C-B3CD-B787C80E5491}.Debug|Any CPU.Build.0 = Debug|Any CPU
		{0072DEDD-8D1D-469C-B3CD-B787C80E5491}.Release|Any CPU.ActiveCfg = Release|Any CPU
		{0072DEDD-8D1D-469C-B3CD-B787C80E5491}.Release|Any CPU.Build.0 = Release|Any CPU
	EndGlobalSection
	GlobalSection(SolutionProperties) = preSolution
		HideSolutionNode = FALSE
	EndGlobalSection
	GlobalSection(ExtensibilityGlobals) = postSolution
		SolutionGuid = {4ADFB51F-C250-4185-BC5A-4B2C105A9B25}
	EndGlobalSection
EndGlobal
