
Microsoft Visual Studio Solution File, Format Version 12.00
# Visual Studio Version 17
VisualStudioVersion = 17.4.33205.214
MinimumVisualStudioVersion = 10.0.40219.1
Project("{FAE04EC0-301F-11D3-BF4B-00C04F79EFBC}") = "WebApplication", "WebApplication.csproj", "{51431003-8A42-4E81-A0AC-5990E257723D}"
EndProject
Project("{FAE04EC0-301F-11D3-BF4B-00C04F79EFBC}") = "BLL", "..\BLL\BLL.csproj", "{52C1F583-BE9D-492A-99A2-1D2DC7EE9AD0}"
EndProject
Project("{FAE04EC0-301F-11D3-BF4B-00C04F79EFBC}") = "DAL", "..\DAL\DAL.csproj", "{80035AAE-DE9D-47A5-A6F0-488706F3748B}"
EndProject
Global
	GlobalSection(SolutionConfigurationPlatforms) = preSolution
		Debug|Any CPU = Debug|Any CPU
		Release|Any CPU = Release|Any CPU
	EndGlobalSection
	GlobalSection(ProjectConfigurationPlatforms) = postSolution
		{51431003-8A42-4E81-A0AC-5990E257723D}.Debug|Any CPU.ActiveCfg = Debug|Any CPU
		{51431003-8A42-4E81-A0AC-5990E257723D}.Debug|Any CPU.Build.0 = Debug|Any CPU
		{51431003-8A42-4E81-A0AC-5990E257723D}.Release|Any CPU.ActiveCfg = Release|Any CPU
		{51431003-8A42-4E81-A0AC-5990E257723D}.Release|Any CPU.Build.0 = Release|Any CPU
		{52C1F583-BE9D-492A-99A2-1D2DC7EE9AD0}.Debug|Any CPU.ActiveCfg = Debug|Any CPU
		{52C1F583-BE9D-492A-99A2-1D2DC7EE9AD0}.Debug|Any CPU.Build.0 = Debug|Any CPU
		{52C1F583-BE9D-492A-99A2-1D2DC7EE9AD0}.Release|Any CPU.ActiveCfg = Release|Any CPU
		{52C1F583-BE9D-492A-99A2-1D2DC7EE9AD0}.Release|Any CPU.Build.0 = Release|Any CPU
		{80035AAE-DE9D-47A5-A6F0-488706F3748B}.Debug|Any CPU.ActiveCfg = Debug|Any CPU
		{80035AAE-DE9D-47A5-A6F0-488706F3748B}.Debug|Any CPU.Build.0 = Debug|Any CPU
		{80035AAE-DE9D-47A5-A6F0-488706F3748B}.Release|Any CPU.ActiveCfg = Release|Any CPU
		{80035AAE-DE9D-47A5-A6F0-488706F3748B}.Release|Any CPU.Build.0 = Release|Any CPU
	EndGlobalSection
	GlobalSection(SolutionProperties) = preSolution
		HideSolutionNode = FALSE
	EndGlobalSection
	GlobalSection(ExtensibilityGlobals) = postSolution
		SolutionGuid = {4ADFB51F-C250-4185-BC5A-4B2C105A9B25}
	EndGlobalSection
EndGlobal
